// !$*UTF8*$!
{
	archiveVersion = 1;
	classes = {
	};
	objectVersion = 46;
	objects = {

/* Begin PBXBuildFile section */
		C95108BD1B9B7C2C00010A4D /* AppDelegate.swift in Sources */ = {isa = PBXBuildFile; fileRef = C95108BC1B9B7C2C00010A4D /* AppDelegate.swift */; };
		C95108BF1B9B7C2C00010A4D /* ViewController.swift in Sources */ = {isa = PBXBuildFile; fileRef = C95108BE1B9B7C2C00010A4D /* ViewController.swift */; };
		C95108C21B9B7C2C00010A4D /* Main.storyboard in Resources */ = {isa = PBXBuildFile; fileRef = C95108C01B9B7C2C00010A4D /* Main.storyboard */; };
		C95108C41B9B7C2C00010A4D /* Images.xcassets in Resources */ = {isa = PBXBuildFile; fileRef = C95108C31B9B7C2C00010A4D /* Images.xcassets */; };
		C95108C71B9B7C2C00010A4D /* LaunchScreen.xib in Resources */ = {isa = PBXBuildFile; fileRef = C95108C51B9B7C2C00010A4D /* LaunchScreen.xib */; };
		C95108D31B9B7C2C00010A4D /* FastlaneExampleTests.swift in Sources */ = {isa = PBXBuildFile; fileRef = C95108D21B9B7C2C00010A4D /* FastlaneExampleTests.swift */; };
		C95108DE1B9B7D1F00010A4D /* Localizable.strings in Resources */ = {isa = PBXBuildFile; fileRef = C95108E01B9B7D1F00010A4D /* Localizable.strings */; };
/* End PBXBuildFile section */

/* Begin PBXContainerItemProxy section */
		C95108CD1B9B7C2C00010A4D /* PBXContainerItemProxy */ = {
			isa = PBXContainerItemProxy;
			containerPortal = C95108AF1B9B7C2C00010A4D /* Project object */;
			proxyType = 1;
			remoteGlobalIDString = C95108B61B9B7C2C00010A4D;
			remoteInfo = FastlaneExample;
		};
/* End PBXContainerItemProxy section */

/* Begin PBXFileReference section */
		C95108B71B9B7C2C00010A4D /* FastlaneExample.app */ = {isa = PBXFileReference; explicitFileType = wrapper.application; includeInIndex = 0; path = FastlaneExample.app; sourceTree = BUILT_PRODUCTS_DIR; };
		C95108BB1B9B7C2C00010A4D /* Info.plist */ = {isa = PBXFileReference; lastKnownFileType = text.plist.xml; path = Info.plist; sourceTree = "<group>"; };
		C95108BC1B9B7C2C00010A4D /* AppDelegate.swift */ = {isa = PBXFileReference; lastKnownFileType = sourcecode.swift; path = AppDelegate.swift; sourceTree = "<group>"; };
		C95108BE1B9B7C2C00010A4D /* ViewController.swift */ = {isa = PBXFileReference; lastKnownFileType = sourcecode.swift; path = ViewController.swift; sourceTree = "<group>"; };
		C95108C11B9B7C2C00010A4D /* Base */ = {isa = PBXFileReference; lastKnownFileType = file.storyboard; name = Base; path = Base.lproj/Main.storyboard; sourceTree = "<group>"; };
		C95108C31B9B7C2C00010A4D /* Images.xcassets */ = {isa = PBXFileReference; lastKnownFileType = folder.assetcatalog; path = Images.xcassets; sourceTree = "<group>"; };
		C95108C61B9B7C2C00010A4D /* Base */ = {isa = PBXFileReference; lastKnownFileType = file.xib; name = Base; path = Base.lproj/LaunchScreen.xib; sourceTree = "<group>"; };
		C95108CC1B9B7C2C00010A4D /* FastlaneExampleTests.xctest */ = {isa = PBXFileReference; explicitFileType = wrapper.cfbundle; includeInIndex = 0; path = FastlaneExampleTests.xctest; sourceTree = BUILT_PRODUCTS_DIR; };
		C95108D11B9B7C2C00010A4D /* Info.plist */ = {isa = PBXFileReference; lastKnownFileType = text.plist.xml; path = Info.plist; sourceTree = "<group>"; };
		C95108D21B9B7C2C00010A4D /* FastlaneExampleTests.swift */ = {isa = PBXFileReference; lastKnownFileType = sourcecode.swift; path = FastlaneExampleTests.swift; sourceTree = "<group>"; };
		C95108DF1B9B7D1F00010A4D /* Base */ = {isa = PBXFileReference; lastKnownFileType = text.plist.strings; name = Base; path = Base.lproj/Localizable.strings; sourceTree = "<group>"; };
		C95108E11B9B7EAE00010A4D /* fr */ = {isa = PBXFileReference; lastKnownFileType = text.plist.strings; name = fr; path = fr.lproj/Localizable.strings; sourceTree = "<group>"; };
		C95108E21B9B7EBE00010A4D /* es */ = {isa = PBXFileReference; lastKnownFileType = text.plist.strings; name = es; path = es.lproj/Localizable.strings; sourceTree = "<group>"; };
		C95108E41B9B7EDB00010A4D /* de */ = {isa = PBXFileReference; lastKnownFileType = text.plist.strings; name = de; path = de.lproj/Localizable.strings; sourceTree = "<group>"; };
		C95108E51B9B7F9C00010A4D /* pt-BR */ = {isa = PBXFileReference; lastKnownFileType = text.plist.strings; name = "pt-BR"; path = "pt-BR.lproj/Localizable.strings"; sourceTree = "<group>"; };
/* End PBXFileReference section */

/* Begin PBXFrameworksBuildPhase section */
		C95108B41B9B7C2C00010A4D /* Frameworks */ = {
			isa = PBXFrameworksBuildPhase;
			buildActionMask = 2147483647;
			files = (
			);
			runOnlyForDeploymentPostprocessing = 0;
		};
		C95108C91B9B7C2C00010A4D /* Frameworks */ = {
			isa = PBXFrameworksBuildPhase;
			buildActionMask = 2147483647;
			files = (
			);
			runOnlyForDeploymentPostprocessing = 0;
		};
/* End PBXFrameworksBuildPhase section */

/* Begin PBXGroup section */
		C95108AE1B9B7C2C00010A4D = {
			isa = PBXGroup;
			children = (
				C95108B91B9B7C2C00010A4D /* FastlaneExample */,
				C95108CF1B9B7C2C00010A4D /* FastlaneExampleTests */,
				C95108B81B9B7C2C00010A4D /* Products */,
			);
			sourceTree = "<group>";
		};
		C95108B81B9B7C2C00010A4D /* Products */ = {
			isa = PBXGroup;
			children = (
				C95108B71B9B7C2C00010A4D /* FastlaneExample.app */,
				C95108CC1B9B7C2C00010A4D /* FastlaneExampleTests.xctest */,
			);
			name = Products;
			sourceTree = "<group>";
		};
		C95108B91B9B7C2C00010A4D /* FastlaneExample */ = {
			isa = PBXGroup;
			children = (
				C95108BC1B9B7C2C00010A4D /* AppDelegate.swift */,
				C95108BE1B9B7C2C00010A4D /* ViewController.swift */,
				C95108C01B9B7C2C00010A4D /* Main.storyboard */,
				C95108C31B9B7C2C00010A4D /* Images.xcassets */,
				C95108C51B9B7C2C00010A4D /* LaunchScreen.xib */,
				C95108E01B9B7D1F00010A4D /* Localizable.strings */,
				C95108BA1B9B7C2C00010A4D /* Supporting Files */,
			);
			path = FastlaneExample;
			sourceTree = "<group>";
		};
		C95108BA1B9B7C2C00010A4D /* Supporting Files */ = {
			isa = PBXGroup;
			children = (
				C95108BB1B9B7C2C00010A4D /* Info.plist */,
			);
			name = "Supporting Files";
			sourceTree = "<group>";
		};
		C95108CF1B9B7C2C00010A4D /* FastlaneExampleTests */ = {
			isa = PBXGroup;
			children = (
				C95108D21B9B7C2C00010A4D /* FastlaneExampleTests.swift */,
				C95108D01B9B7C2C00010A4D /* Supporting Files */,
			);
			path = FastlaneExampleTests;
			sourceTree = "<group>";
		};
		C95108D01B9B7C2C00010A4D /* Supporting Files */ = {
			isa = PBXGroup;
			children = (
				C95108D11B9B7C2C00010A4D /* Info.plist */,
			);
			name = "Supporting Files";
			sourceTree = "<group>";
		};
/* End PBXGroup section */

/* Begin PBXNativeTarget section */
		C95108B61B9B7C2C00010A4D /* FastlaneExample */ = {
			isa = PBXNativeTarget;
			buildConfigurationList = C95108D61B9B7C2C00010A4D /* Build configuration list for PBXNativeTarget "FastlaneExample" */;
			buildPhases = (
				C95108B31B9B7C2C00010A4D /* Sources */,
				C95108B41B9B7C2C00010A4D /* Frameworks */,
				C95108B51B9B7C2C00010A4D /* Resources */,
			);
			buildRules = (
			);
			dependencies = (
			);
			name = FastlaneExample;
			productName = FastlaneExample;
			productReference = C95108B71B9B7C2C00010A4D /* FastlaneExample.app */;
			productType = "com.apple.product-type.application";
		};
		C95108CB1B9B7C2C00010A4D /* FastlaneExampleTests */ = {
			isa = PBXNativeTarget;
			buildConfigurationList = C95108D91B9B7C2C00010A4D /* Build configuration list for PBXNativeTarget "FastlaneExampleTests" */;
			buildPhases = (
				C95108C81B9B7C2C00010A4D /* Sources */,
				C95108C91B9B7C2C00010A4D /* Frameworks */,
				C95108CA1B9B7C2C00010A4D /* Resources */,
			);
			buildRules = (
			);
			dependencies = (
				C95108CE1B9B7C2C00010A4D /* PBXTargetDependency */,
			);
			name = FastlaneExampleTests;
			productName = FastlaneExampleTests;
			productReference = C95108CC1B9B7C2C00010A4D /* FastlaneExampleTests.xctest */;
			productType = "com.apple.product-type.bundle.unit-test";
		};
/* End PBXNativeTarget section */

/* Begin PBXProject section */
		C95108AF1B9B7C2C00010A4D /* Project object */ = {
			isa = PBXProject;
			attributes = {
				LastSwiftUpdateCheck = 0700;
				LastUpgradeCheck = 0640;
				ORGANIZATIONNAME = "Raphael Silva";
				TargetAttributes = {
					C95108B61B9B7C2C00010A4D = {
						CreatedOnToolsVersion = 6.4;
					};
					C95108CB1B9B7C2C00010A4D = {
						CreatedOnToolsVersion = 6.4;
						TestTargetID = C95108B61B9B7C2C00010A4D;
					};
				};
			};
			buildConfigurationList = C95108B21B9B7C2C00010A4D /* Build configuration list for PBXProject "FastlaneExample" */;
			compatibilityVersion = "Xcode 3.2";
			developmentRegion = English;
			hasScannedForEncodings = 0;
			knownRegions = (
				en,
				Base,
				fr,
				es,
				de,
				"pt-BR",
			);
			mainGroup = C95108AE1B9B7C2C00010A4D;
			productRefGroup = C95108B81B9B7C2C00010A4D /* Products */;
			projectDirPath = "";
			projectRoot = "";
			targets = (
				C95108B61B9B7C2C00010A4D /* FastlaneExample */,
				C95108CB1B9B7C2C00010A4D /* FastlaneExampleTests */,
			);
		};
/* End PBXProject section */

/* Begin PBXResourcesBuildPhase section */
		C95108B51B9B7C2C00010A4D /* Resources */ = {
			isa = PBXResourcesBuildPhase;
			buildActionMask = 2147483647;
			files = (
				C95108C21B9B7C2C00010A4D /* Main.storyboard in Resources */,
				C95108DE1B9B7D1F00010A4D /* Localizable.strings in Resources */,
				C95108C71B9B7C2C00010A4D /* LaunchScreen.xib in Resources */,
				C95108C41B9B7C2C00010A4D /* Images.xcassets in Resources */,
			);
			runOnlyForDeploymentPostprocessing = 0;
		};
		C95108CA1B9B7C2C00010A4D /* Resources */ = {
			isa = PBXResourcesBuildPhase;
			buildActionMask = 2147483647;
			files = (
			);
			runOnlyForDeploymentPostprocessing = 0;
		};
/* End PBXResourcesBuildPhase section */

/* Begin PBXSourcesBuildPhase section */
		C95108B31B9B7C2C00010A4D /* Sources */ = {
			isa = PBXSourcesBuildPhase;
			buildActionMask = 2147483647;
			files = (
				C95108BF1B9B7C2C00010A4D /* ViewController.swift in Sources */,
				C95108BD1B9B7C2C00010A4D /* AppDelegate.swift in Sources */,
			);
			runOnlyForDeploymentPostprocessing = 0;
		};
		C95108C81B9B7C2C00010A4D /* Sources */ = {
			isa = PBXSourcesBuildPhase;
			buildActionMask = 2147483647;
			files = (
				C95108D31B9B7C2C00010A4D /* FastlaneExampleTests.swift in Sources */,
			);
			runOnlyForDeploymentPostprocessing = 0;
		};
/* End PBXSourcesBuildPhase section */

/* Begin PBXTargetDependency section */
		C95108CE1B9B7C2C00010A4D /* PBXTargetDependency */ = {
			isa = PBXTargetDependency;
			target = C95108B61B9B7C2C00010A4D /* FastlaneExample */;
			targetProxy = C95108CD1B9B7C2C00010A4D /* PBXContainerItemProxy */;
		};
/* End PBXTargetDependency section */

/* Begin PBXVariantGroup section */
		C95108C01B9B7C2C00010A4D /* Main.storyboard */ = {
			isa = PBXVariantGroup;
			children = (
				C95108C11B9B7C2C00010A4D /* Base */,
			);
			name = Main.storyboard;
			sourceTree = "<group>";
		};
		C95108C51B9B7C2C00010A4D /* LaunchScreen.xib */ = {
			isa = PBXVariantGroup;
			children = (
				C95108C61B9B7C2C00010A4D /* Base */,
			);
			name = LaunchScreen.xib;
			sourceTree = "<group>";
		};
		C95108E01B9B7D1F00010A4D /* Localizable.strings */ = {
			isa = PBXVariantGroup;
			children = (
				C95108DF1B9B7D1F00010A4D /* Base */,
				C95108E11B9B7EAE00010A4D /* fr */,
				C95108E21B9B7EBE00010A4D /* es */,
				C95108E41B9B7EDB00010A4D /* de */,
				C95108E51B9B7F9C00010A4D /* pt-BR */,
			);
			name = Localizable.strings;
			sourceTree = "<group>";
		};
/* End PBXVariantGroup section */

/* Begin XCBuildConfiguration section */
		C95108D41B9B7C2C00010A4D /* Debug */ = {
			isa = XCBuildConfiguration;
			buildSettings = {
				ALWAYS_SEARCH_USER_PATHS = NO;
				CLANG_CXX_LANGUAGE_STANDARD = "gnu++0x";
				CLANG_CXX_LIBRARY = "libc++";
				CLANG_ENABLE_MODULES = YES;
				CLANG_ENABLE_OBJC_ARC = YES;
				CLANG_WARN_BOOL_CONVERSION = YES;
				CLANG_WARN_CONSTANT_CONVERSION = YES;
				CLANG_WARN_DIRECT_OBJC_ISA_USAGE = YES_ERROR;
				CLANG_WARN_EMPTY_BODY = YES;
				CLANG_WARN_ENUM_CONVERSION = YES;
				CLANG_WARN_INT_CONVERSION = YES;
				CLANG_WARN_OBJC_ROOT_CLASS = YES_ERROR;
				CLANG_WARN_UNREACHABLE_CODE = YES;
				CLANG_WARN__DUPLICATE_METHOD_MATCH = YES;
				"CODE_SIGN_IDENTITY[sdk=iphoneos*]" = "iPhone Developer";
				COPY_PHASE_STRIP = NO;
				DEBUG_INFORMATION_FORMAT = "dwarf-with-dsym";
				ENABLE_STRICT_OBJC_MSGSEND = YES;
				GCC_C_LANGUAGE_STANDARD = gnu99;
				GCC_DYNAMIC_NO_PIC = NO;
				GCC_NO_COMMON_BLOCKS = YES;
				GCC_OPTIMIZATION_LEVEL = 0;
				GCC_PREPROCESSOR_DEFINITIONS = (
					"DEBUG=1",
					"$(inherited)",
				);
				GCC_SYMBOLS_PRIVATE_EXTERN = NO;
				GCC_WARN_64_TO_32_BIT_CONVERSION = YES;
				GCC_WARN_ABOUT_RETURN_TYPE = YES_ERROR;
				GCC_WARN_UNDECLARED_SELECTOR = YES;
				GCC_WARN_UNINITIALIZED_AUTOS = YES_AGGRESSIVE;
				GCC_WARN_UNUSED_FUNCTION = YES;
				GCC_WARN_UNUSED_VARIABLE = YES;
				IPHONEOS_DEPLOYMENT_TARGET = 8.4;
				MTL_ENABLE_DEBUG_INFO = YES;
				ONLY_ACTIVE_ARCH = YES;
				SDKROOT = iphoneos;
				SWIFT_OPTIMIZATION_LEVEL = "-Onone";
				TARGETED_DEVICE_FAMILY = "1,2";
			};
			name = Debug;
		};
		C95108D51B9B7C2C00010A4D /* Release */ = {
			isa = XCBuildConfiguration;
			buildSettings = {
				ALWAYS_SEARCH_USER_PATHS = NO;
				CLANG_CXX_LANGUAGE_STANDARD = "gnu++0x";
				CLANG_CXX_LIBRARY = "libc++";
				CLANG_ENABLE_MODULES = YES;
				CLANG_ENABLE_OBJC_ARC = YES;
				CLANG_WARN_BOOL_CONVERSION = YES;
				CLANG_WARN_CONSTANT_CONVERSION = YES;
				CLANG_WARN_DIRECT_OBJC_ISA_USAGE = YES_ERROR;
				CLANG_WARN_EMPTY_BODY = YES;
				CLANG_WARN_ENUM_CONVERSION = YES;
				CLANG_WARN_INT_CONVERSION = YES;
				CLANG_WARN_OBJC_ROOT_CLASS = YES_ERROR;
				CLANG_WARN_UNREACHABLE_CODE = YES;
				CLANG_WARN__DUPLICATE_METHOD_MATCH = YES;
				"CODE_SIGN_IDENTITY[sdk=iphoneos*]" = "iPhone Developer";
				COPY_PHASE_STRIP = NO;
				DEBUG_INFORMATION_FORMAT = "dwarf-with-dsym";
				ENABLE_NS_ASSERTIONS = NO;
				ENABLE_STRICT_OBJC_MSGSEND = YES;
				GCC_C_LANGUAGE_STANDARD = gnu99;
				GCC_NO_COMMON_BLOCKS = YES;
				GCC_WARN_64_TO_32_BIT_CONVERSION = YES;
				GCC_WARN_ABOUT_RETURN_TYPE = YES_ERROR;
				GCC_WARN_UNDECLARED_SELECTOR = YES;
				GCC_WARN_UNINITIALIZED_AUTOS = YES_AGGRESSIVE;
				GCC_WARN_UNUSED_FUNCTION = YES;
				GCC_WARN_UNUSED_VARIABLE = YES;
				IPHONEOS_DEPLOYMENT_TARGET = 8.4;
				MTL_ENABLE_DEBUG_INFO = NO;
				SDKROOT = iphoneos;
				TARGETED_DEVICE_FAMILY = "1,2";
				VALIDATE_PRODUCT = YES;
			};
			name = Release;
		};
		C95108D71B9B7C2C00010A4D /* Debug */ = {
			isa = XCBuildConfiguration;
			buildSettings = {
				ASSETCATALOG_COMPILER_APPICON_NAME = AppIcon;
				INFOPLIST_FILE = FastlaneExample/Info.plist;
				LD_RUNPATH_SEARCH_PATHS = "$(inherited) @executable_path/Frameworks";
				PRODUCT_NAME = "$(TARGET_NAME)";
			};
			name = Debug;
		};
		C95108D81B9B7C2C00010A4D /* Release */ = {
			isa = XCBuildConfiguration;
			buildSettings = {
				ASSETCATALOG_COMPILER_APPICON_NAME = AppIcon;
				INFOPLIST_FILE = FastlaneExample/Info.plist;
				LD_RUNPATH_SEARCH_PATHS = "$(inherited) @executable_path/Frameworks";
				PRODUCT_NAME = "$(TARGET_NAME)";
			};
			name = Release;
		};
		C95108DA1B9B7C2C00010A4D /* Debug */ = {
			isa = XCBuildConfiguration;
			buildSettings = {
				BUNDLE_LOADER = "$(TEST_HOST)";
				FRAMEWORK_SEARCH_PATHS = (
					"$(SDKROOT)/Developer/Library/Frameworks",
					"$(inherited)",
				);
				GCC_PREPROCESSOR_DEFINITIONS = (
					"DEBUG=1",
					"$(inherited)",
				);
				INFOPLIST_FILE = FastlaneExampleTests/Info.plist;
				LD_RUNPATH_SEARCH_PATHS = "$(inherited) @executable_path/Frameworks @loader_path/Frameworks";
				PRODUCT_NAME = "$(TARGET_NAME)";
				TEST_HOST = "$(BUILT_PRODUCTS_DIR)/FastlaneExample.app/FastlaneExample";
			};
			name = Debug;
		};
		C95108DB1B9B7C2C00010A4D /* Release */ = {
			isa = XCBuildConfiguration;
			buildSettings = {
				BUNDLE_LOADER = "$(TEST_HOST)";
				FRAMEWORK_SEARCH_PATHS = (
					"$(SDKROOT)/Developer/Library/Frameworks",
					"$(inherited)",
				);
				INFOPLIST_FILE = FastlaneExampleTests/Info.plist;
				LD_RUNPATH_SEARCH_PATHS = "$(inherited) @executable_path/Frameworks @loader_path/Frameworks";
				PRODUCT_NAME = "$(TARGET_NAME)";
				TEST_HOST = "$(BUILT_PRODUCTS_DIR)/FastlaneExample.app/FastlaneExample";
			};
			name = Release;
		};
/* End XCBuildConfiguration section */

/* Begin XCConfigurationList section */
		C95108B21B9B7C2C00010A4D /* Build configuration list for PBXProject "FastlaneExample" */ = {
			isa = XCConfigurationList;
			buildConfigurations = (
				C95108D41B9B7C2C00010A4D /* Debug */,
				C95108D51B9B7C2C00010A4D /* Release */,
			);
			defaultConfigurationIsVisible = 0;
			defaultConfigurationName = Release;
		};
		C95108D61B9B7C2C00010A4D /* Build configuration list for PBXNativeTarget "FastlaneExample" */ = {
			isa = XCConfigurationList;
			buildConfigurations = (
				C95108D71B9B7C2C00010A4D /* Debug */,
				C95108D81B9B7C2C00010A4D /* Release */,
			);
			defaultConfigurationIsVisible = 0;
			defaultConfigurationName = Release;
		};
		C95108D91B9B7C2C00010A4D /* Build configuration list for PBXNativeTarget "FastlaneExampleTests" */ = {
			isa = XCConfigurationList;
			buildConfigurations = (
				C95108DA1B9B7C2C00010A4D /* Debug */,
				C95108DB1B9B7C2C00010A4D /* Release */,
			);
			defaultConfigurationIsVisible = 0;
			defaultConfigurationName = Release;
		};
/* End XCConfigurationList section */
	};
	rootObject = C95108AF1B9B7C2C00010A4D /* Project object */;
}
